
Microsoft Visual Studio Solution File, Format Version 12.00
# Visual Studio Version 17
VisualStudioVersion = 17.7.34202.233
MinimumVisualStudioVersion = 10.0.40219.1
Project("{FAE04EC0-301F-11D3-BF4B-00C04F79EFBC}") = "TestScripts", "LiptonAutomationTests\TestScripts.csproj", "{DD45638D-F0F3-40E0-A98F-26F3F4562822}"
EndProject
Project("{FAE04EC0-301F-11D3-BF4B-00C04F79EFBC}") = "TestLib", "TestLib\TestLib.csproj", "{C38AE805-8FBC-404E-8060-CE4D8181D025}"
EndProject
Global
	GlobalSection(SolutionConfigurationPlatforms) = preSolution
		Debug|Any CPU = Debug|Any CPU
		Release|Any CPU = Release|Any CPU
	EndGlobalSection
	GlobalSection(ProjectConfigurationPlatforms) = postSolution
		{DD45638D-F0F3-40E0-A98F-26F3F4562822}.Debug|Any CPU.ActiveCfg = Debug|Any CPU
		{DD45638D-F0F3-40E0-A98F-26F3F4562822}.Debug|Any CPU.Build.0 = Debug|Any CPU
		{DD45638D-F0F3-40E0-A98F-26F3F4562822}.Release|Any CPU.ActiveCfg = Release|Any CPU
		{DD45638D-F0F3-40E0-A98F-26F3F4562822}.Release|Any CPU.Build.0 = Release|Any CPU
		{C38AE805-8FBC-404E-8060-CE4D8181D025}.Debug|Any CPU.ActiveCfg = Debug|Any CPU
		{C38AE805-8FBC-404E-8060-CE4D8181D025}.Debug|Any CPU.Build.0 = Debug|Any CPU
		{C38AE805-8FBC-404E-8060-CE4D8181D025}.Release|Any CPU.ActiveCfg = Release|Any CPU
		{C38AE805-8FBC-404E-8060-CE4D8181D025}.Release|Any CPU.Build.0 = Release|Any CPU
	EndGlobalSection
	GlobalSection(SolutionProperties) = preSolution
		HideSolutionNode = FALSE
	EndGlobalSection
	GlobalSection(ExtensibilityGlobals) = postSolution
		SolutionGuid = {CD9B6B04-234A-454B-9566-23FDF2F6769B}
	EndGlobalSection
EndGlobal
